# requirements.lock — полный граф зависимостей с точными версиями и SHA-256.
#
# Источник: Roadmap §4 (lock-файл и SBOM обязательны), §20.1 (release artifact).
# СГЕНЕРИРОВАН АВТОМАТИЧЕСКИ. Не редактировать вручную.
#
# РОЛЬ:      development
# ПЛАТФОРМА: darwin-arm64
#
#   регенерация: python3 deploy/gen_dependency_artifacts.py
#   проверка:    python3 deploy/verify_dependencies.py
#
# Сгенерирован:      2026-08-10T11:44:56+00:00
# Прямые зависимости: hypothesis, pydantic, pytest
# Всего пакетов:      11
#
# Платформа генерации:
#   CPython 3.13.7
#   Darwin arm64
#
# Состав снят с установленного окружения, на котором прошли тесты,
# а не с нового разрешения зависимостей: у транзитивных пакетов
# верхние границы открыты, и свежее разрешение даёт другой состав.
#
# ЭТО DEVELOPMENT-АРТЕФАКТ. Он не является release artifact.
# Production-хост — Linux + systemd (ADR-012), для него нужен
# отдельный lock, снятый в чистом Linux-окружении:
#   deploy/dependencies/linux-<arch>/requirements.lock
# Ручная правка этого файла под Linux запрещена — состав
# зависит от платформы и должен быть проверен тестами на ней.
#
# ОГРАНИЧЕНИЕ: набор содержит платформенно-зависимые колёса и
# действителен только для Darwin arm64 /
# CPython 3.13.7:
#   hypothesis (hypothesis-6.165.2-cp313-cp313-macosx_11_0_arm64.whl)
#   pydantic-core (pydantic_core-2.33.0-cp313-cp313-macosx_11_0_arm64.whl)
# Для другого целевого хоста нужен отдельный lock той платформы.
# Разделение хостов зафиксировано в ADR-012 (закрывает CONFLICT-004);
# архитектура production-хоста и точная версия Python — OPEN.

# --- Прямые зависимости ---

#   hypothesis-6.165.2-cp313-cp313-macosx_11_0_arm64.whl
hypothesis==6.165.2 \
    --hash=sha256:3748153d4f64d347f8c988dd41fbef3513b66819e73e9209b1c501bf0d716a13

#   pydantic-2.11.1-py3-none-any.whl
pydantic==2.11.1 \
    --hash=sha256:5b6c415eee9f8123a14d859be0c84363fec6b1feb6b688d6435801230b56e0b8

#   pytest-8.3.5-py3-none-any.whl
pytest==8.3.5 \
    --hash=sha256:c69214aa47deac29fad6c2a4f590b9c4a9fdb16a403176fe154b79c0b4d4d820

# --- Транзитивные зависимости ---

#   annotated_types-0.8.0-py3-none-any.whl
annotated-types==0.8.0 \
    --hash=sha256:f072f4d804ea359e4eaf198b1af7a8b0943881a87f31bb764f8bf219bb9419e0

#   iniconfig-2.3.0-py3-none-any.whl
iniconfig==2.3.0 \
    --hash=sha256:f631c04d2c48c52b84d0d0549c99ff3859c98df65b3101406327ecc7d53fbf12

#   packaging-26.3-py3-none-any.whl
packaging==26.3 \
    --hash=sha256:d7193f7c8e4e93f444fde0262bf90af30e16fa0ad0ad44cb553c87339b23cd1c

#   pluggy-1.6.0-py3-none-any.whl
pluggy==1.6.0 \
    --hash=sha256:e920276dd6813095e9377c0bc5566d94c932c33b27a3e3945d8389c374dd4746

#   pydantic_core-2.33.0-cp313-cp313-macosx_11_0_arm64.whl
pydantic-core==2.33.0 \
    --hash=sha256:1a73be93ecef45786d7d95b0c5e9b294faf35629d03d5b145b09b81258c7cd6d

#   sortedcontainers-2.4.0-py2.py3-none-any.whl
sortedcontainers==2.4.0 \
    --hash=sha256:a163dcaede0f1c021485e957a39245190e74249897e2ae4b2aa38595db237ee0

#   typing_extensions-4.16.0-py3-none-any.whl
typing-extensions==4.16.0 \
    --hash=sha256:481caa481374e813c1b176ada14e97f1f67a4539ce9cfeb3f350d78d6370c2e8

#   typing_inspection-0.4.2-py3-none-any.whl
typing-inspection==0.4.2 \
    --hash=sha256:4ed1cacbdc298c220f1bd249ed5287caa16f34d44ef4e9c3d0cbad5b521545e7
